
Microsoft Visual Studio Solution File, Format Version 12.00
# Visual Studio Version 17
VisualStudioVersion = 17.1.32328.378
MinimumVisualStudioVersion = 10.0.40219.1
Project("{FAE04EC0-301F-11D3-BF4B-00C04F79EFBC}") = "SaveCsvFromJson", "SaveCsvFromJson\SaveCsvFromJson.csproj", "{FB90AC76-F223-4D1B-80A1-983834115DFD}"
EndProject
Global
	GlobalSection(SolutionConfigurationPlatforms) = preSolution
		Debug|Any CPU = Debug|Any CPU
		Release|Any CPU = Release|Any CPU
	EndGlobalSection
	GlobalSection(ProjectConfigurationPlatforms) = postSolution
		{FB90AC76-F223-4D1B-80A1-983834115DFD}.Debug|Any CPU.ActiveCfg = Debug|Any CPU
		{FB90AC76-F223-4D1B-80A1-983834115DFD}.Debug|Any CPU.Build.0 = Debug|Any CPU
		{FB90AC76-F223-4D1B-80A1-983834115DFD}.Release|Any CPU.ActiveCfg = Release|Any CPU
		{FB90AC76-F223-4D1B-80A1-983834115DFD}.Release|Any CPU.Build.0 = Release|Any CPU
	EndGlobalSection
	GlobalSection(SolutionProperties) = preSolution
		HideSolutionNode = FALSE
	EndGlobalSection
	GlobalSection(ExtensibilityGlobals) = postSolution
		SolutionGuid = {A211B790-BB49-4031-86F7-3C838C4A089A}
	EndGlobalSection
EndGlobal
